
Microsoft Visual Studio Solution File, Format Version 12.00
# Visual Studio Version 17
VisualStudioVersion = 17.4.33122.133
MinimumVisualStudioVersion = 10.0.40219.1
Project("{FAE04EC0-301F-11D3-BF4B-00C04F79EFBC}") = "class task3", "class task3\class task3.csproj", "{1150E11F-4A64-45D7-99A6-814B8BD343B8}"
EndProject
Global
	GlobalSection(SolutionConfigurationPlatforms) = preSolution
		Debug|Any CPU = Debug|Any CPU
		Release|Any CPU = Release|Any CPU
	EndGlobalSection
	GlobalSection(ProjectConfigurationPlatforms) = postSolution
		{1150E11F-4A64-45D7-99A6-814B8BD343B8}.Debug|Any CPU.ActiveCfg = Debug|Any CPU
		{1150E11F-4A64-45D7-99A6-814B8BD343B8}.Debug|Any CPU.Build.0 = Debug|Any CPU
		{1150E11F-4A64-45D7-99A6-814B8BD343B8}.Release|Any CPU.ActiveCfg = Release|Any CPU
		{1150E11F-4A64-45D7-99A6-814B8BD343B8}.Release|Any CPU.Build.0 = Release|Any CPU
	EndGlobalSection
	GlobalSection(SolutionProperties) = preSolution
		HideSolutionNode = FALSE
	EndGlobalSection
	GlobalSection(ExtensibilityGlobals) = postSolution
		SolutionGuid = {A575D108-4F39-4BA7-837C-E0886A8651A1}
	EndGlobalSection
EndGlobal
