
Microsoft Visual Studio Solution File, Format Version 12.00
# Visual Studio Version 17
VisualStudioVersion = 17.4.33122.133
MinimumVisualStudioVersion = 10.0.40219.1
Project("{FAE04EC0-301F-11D3-BF4B-00C04F79EFBC}") = "classtask2", "classtask2\classtask2.csproj", "{8307B2FC-8F44-4EC6-AC12-016412241014}"
EndProject
Global
	GlobalSection(SolutionConfigurationPlatforms) = preSolution
		Debug|Any CPU = Debug|Any CPU
		Release|Any CPU = Release|Any CPU
	EndGlobalSection
	GlobalSection(ProjectConfigurationPlatforms) = postSolution
		{8307B2FC-8F44-4EC6-AC12-016412241014}.Debug|Any CPU.ActiveCfg = Debug|Any CPU
		{8307B2FC-8F44-4EC6-AC12-016412241014}.Debug|Any CPU.Build.0 = Debug|Any CPU
		{8307B2FC-8F44-4EC6-AC12-016412241014}.Release|Any CPU.ActiveCfg = Release|Any CPU
		{8307B2FC-8F44-4EC6-AC12-016412241014}.Release|Any CPU.Build.0 = Release|Any CPU
	EndGlobalSection
	GlobalSection(SolutionProperties) = preSolution
		HideSolutionNode = FALSE
	EndGlobalSection
	GlobalSection(ExtensibilityGlobals) = postSolution
		SolutionGuid = {72238057-951C-45E5-A954-BC1158F4FB3F}
	EndGlobalSection
EndGlobal
