
Microsoft Visual Studio Solution File, Format Version 12.00
# Visual Studio Version 17
VisualStudioVersion = 17.4.33122.133
MinimumVisualStudioVersion = 10.0.40219.1
Project("{FAE04EC0-301F-11D3-BF4B-00C04F79EFBC}") = "classtask4", "classtask4\classtask4.csproj", "{38D05E6C-5D44-4E2F-8DC8-1B93E1A22A2E}"
EndProject
Global
	GlobalSection(SolutionConfigurationPlatforms) = preSolution
		Debug|Any CPU = Debug|Any CPU
		Release|Any CPU = Release|Any CPU
	EndGlobalSection
	GlobalSection(ProjectConfigurationPlatforms) = postSolution
		{38D05E6C-5D44-4E2F-8DC8-1B93E1A22A2E}.Debug|Any CPU.ActiveCfg = Debug|Any CPU
		{38D05E6C-5D44-4E2F-8DC8-1B93E1A22A2E}.Debug|Any CPU.Build.0 = Debug|Any CPU
		{38D05E6C-5D44-4E2F-8DC8-1B93E1A22A2E}.Release|Any CPU.ActiveCfg = Release|Any CPU
		{38D05E6C-5D44-4E2F-8DC8-1B93E1A22A2E}.Release|Any CPU.Build.0 = Release|Any CPU
	EndGlobalSection
	GlobalSection(SolutionProperties) = preSolution
		HideSolutionNode = FALSE
	EndGlobalSection
	GlobalSection(ExtensibilityGlobals) = postSolution
		SolutionGuid = {9172B6EF-63C1-4852-9752-D4223DD3CCED}
	EndGlobalSection
EndGlobal
